// !$*UTF8*$!
{
	archiveVersion = 1;
	classes = {
	};
	objectVersion = 55;
	objects = {

/* Begin PBXBuildFile section */
		0B443B7927CB61B3005A5329 /* Media_AccessApp.swift in Sources */ = {isa = PBXBuildFile; fileRef = 0B443B7827CB61B3005A5329 /* Media_AccessApp.swift */; };
		0B443B7D27CB61B5005A5329 /* Assets.xcassets in Resources */ = {isa = PBXBuildFile; fileRef = 0B443B7C27CB61B5005A5329 /* Assets.xcassets */; };
		0B443B8027CB61B5005A5329 /* Preview Assets.xcassets in Resources */ = {isa = PBXBuildFile; fileRef = 0B443B7F27CB61B5005A5329 /* Preview Assets.xcassets */; };
		0B443B8727CB6223005A5329 /* ContentView.swift in Sources */ = {isa = PBXBuildFile; fileRef = 0B443B8627CB6223005A5329 /* ContentView.swift */; };
		0B443B8927CB6239005A5329 /* Coordinator.swift in Sources */ = {isa = PBXBuildFile; fileRef = 0B443B8827CB6239005A5329 /* Coordinator.swift */; };
		0B443B8B27CB6248005A5329 /* ImagePickerView.swift in Sources */ = {isa = PBXBuildFile; fileRef = 0B443B8A27CB6248005A5329 /* ImagePickerView.swift */; };
		0B443B8D27CB624D005A5329 /* LivePhotoView.swift in Sources */ = {isa = PBXBuildFile; fileRef = 0B443B8C27CB624C005A5329 /* LivePhotoView.swift */; };
		0B443B8F27CB6251005A5329 /* PhotoPicker.swift in Sources */ = {isa = PBXBuildFile; fileRef = 0B443B8E27CB6251005A5329 /* PhotoPicker.swift */; };
		0B443B9127CB625D005A5329 /* PhotoPickerModel.swift in Sources */ = {isa = PBXBuildFile; fileRef = 0B443B9027CB625D005A5329 /* PhotoPickerModel.swift */; };
		0B443B9327CD67B0005A5329 /* CaptionedPhotosAlbum.swift in Sources */ = {isa = PBXBuildFile; fileRef = 0B443B9227CD67AF005A5329 /* CaptionedPhotosAlbum.swift */; };
		190FC6892850149D00BE28D9 /* Media_AccessTests.swift in Sources */ = {isa = PBXBuildFile; fileRef = 190FC6882850149D00BE28D9 /* Media_AccessTests.swift */; };
		190FC6902850262300BE28D9 /* Features in Resources */ = {isa = PBXBuildFile; fileRef = 190FC68F2850262300BE28D9 /* Features */; };
		190FC6932850276900BE28D9 /* CucumberishLoader.m in Sources */ = {isa = PBXBuildFile; fileRef = 190FC6922850276900BE28D9 /* CucumberishLoader.m */; };
		190FC6972850381800BE28D9 /* CucumberishInitializer.swift in Sources */ = {isa = PBXBuildFile; fileRef = 190FC6942850285400BE28D9 /* CucumberishInitializer.swift */; };
		66F5586044F2D4BF00BBC506 /* Pods_Media_Access.framework in Frameworks */ = {isa = PBXBuildFile; fileRef = 9F36D501FEF2E3E9C1F75BB6 /* Pods_Media_Access.framework */; };
		6C5C28791D6511BE5E547746 /* Pods_Media_AccessTests.framework in Frameworks */ = {isa = PBXBuildFile; fileRef = EF75B29C88AA0D41637C1280 /* Pods_Media_AccessTests.framework */; };
/* End PBXBuildFile section */

/* Begin PBXContainerItemProxy section */
		190FC68A2850149D00BE28D9 /* PBXContainerItemProxy */ = {
			isa = PBXContainerItemProxy;
			containerPortal = 0B443B6D27CB61B3005A5329 /* Project object */;
			proxyType = 1;
			remoteGlobalIDString = 0B443B7427CB61B3005A5329;
			remoteInfo = "Media-Access";
		};
/* End PBXContainerItemProxy section */

/* Begin PBXFileReference section */
		089B9230A5F03B9C8E7E0AED /* Pods-Media-AccessTests.debug.xcconfig */ = {isa = PBXFileReference; includeInIndex = 1; lastKnownFileType = text.xcconfig; name = "Pods-Media-AccessTests.debug.xcconfig"; path = "Target Support Files/Pods-Media-AccessTests/Pods-Media-AccessTests.debug.xcconfig"; sourceTree = "<group>"; };
		0B443B7527CB61B3005A5329 /* Media-Access.app */ = {isa = PBXFileReference; explicitFileType = wrapper.application; includeInIndex = 0; path = "Media-Access.app"; sourceTree = BUILT_PRODUCTS_DIR; };
		0B443B7827CB61B3005A5329 /* Media_AccessApp.swift */ = {isa = PBXFileReference; lastKnownFileType = sourcecode.swift; path = Media_AccessApp.swift; sourceTree = "<group>"; };
		0B443B7C27CB61B5005A5329 /* Assets.xcassets */ = {isa = PBXFileReference; lastKnownFileType = folder.assetcatalog; path = Assets.xcassets; sourceTree = "<group>"; };
		0B443B7F27CB61B5005A5329 /* Preview Assets.xcassets */ = {isa = PBXFileReference; lastKnownFileType = folder.assetcatalog; path = "Preview Assets.xcassets"; sourceTree = "<group>"; };
		0B443B8627CB6223005A5329 /* ContentView.swift */ = {isa = PBXFileReference; fileEncoding = 4; lastKnownFileType = sourcecode.swift; name = ContentView.swift; path = ../../../PHPickerDemo/final/PHPickerDemo/PHPickerDemo/ContentView.swift; sourceTree = "<group>"; };
		0B443B8827CB6239005A5329 /* Coordinator.swift */ = {isa = PBXFileReference; fileEncoding = 4; lastKnownFileType = sourcecode.swift; name = Coordinator.swift; path = ../../../PHPickerDemo/final/PHPickerDemo/PHPickerDemo/Coordinator.swift; sourceTree = "<group>"; };
		0B443B8A27CB6248005A5329 /* ImagePickerView.swift */ = {isa = PBXFileReference; fileEncoding = 4; lastKnownFileType = sourcecode.swift; name = ImagePickerView.swift; path = ../../../PHPickerDemo/final/PHPickerDemo/PHPickerDemo/ImagePickerView.swift; sourceTree = "<group>"; };
		0B443B8C27CB624C005A5329 /* LivePhotoView.swift */ = {isa = PBXFileReference; fileEncoding = 4; lastKnownFileType = sourcecode.swift; name = LivePhotoView.swift; path = ../../../PHPickerDemo/final/PHPickerDemo/PHPickerDemo/LivePhotoView.swift; sourceTree = "<group>"; };
		0B443B8E27CB6251005A5329 /* PhotoPicker.swift */ = {isa = PBXFileReference; fileEncoding = 4; lastKnownFileType = sourcecode.swift; name = PhotoPicker.swift; path = ../../../PHPickerDemo/final/PHPickerDemo/PHPickerDemo/PhotoPicker.swift; sourceTree = "<group>"; };
		0B443B9027CB625D005A5329 /* PhotoPickerModel.swift */ = {isa = PBXFileReference; fileEncoding = 4; lastKnownFileType = sourcecode.swift; name = PhotoPickerModel.swift; path = ../../../PHPickerDemo/final/PHPickerDemo/PHPickerDemo/PhotoPickerModel.swift; sourceTree = "<group>"; };
		0B443B9227CD67AF005A5329 /* CaptionedPhotosAlbum.swift */ = {isa = PBXFileReference; lastKnownFileType = sourcecode.swift; path = CaptionedPhotosAlbum.swift; sourceTree = "<group>"; };
		0B443B9427CD6B8F005A5329 /* Info.plist */ = {isa = PBXFileReference; lastKnownFileType = text.plist; path = Info.plist; sourceTree = "<group>"; };
		190FC6862850149D00BE28D9 /* Media-AccessTests.xctest */ = {isa = PBXFileReference; explicitFileType = wrapper.cfbundle; includeInIndex = 0; path = "Media-AccessTests.xctest"; sourceTree = BUILT_PRODUCTS_DIR; };
		190FC6882850149D00BE28D9 /* Media_AccessTests.swift */ = {isa = PBXFileReference; lastKnownFileType = sourcecode.swift; path = Media_AccessTests.swift; sourceTree = "<group>"; };
		190FC68F2850262300BE28D9 /* Features */ = {isa = PBXFileReference; lastKnownFileType = folder; name = Features; path = ../../../../Desktop/Features; sourceTree = "<group>"; };
		190FC6912850276900BE28D9 /* Media-AccessTests-Bridging-Header.h */ = {isa = PBXFileReference; lastKnownFileType = sourcecode.c.h; path = "Media-AccessTests-Bridging-Header.h"; sourceTree = "<group>"; };
		190FC6922850276900BE28D9 /* CucumberishLoader.m */ = {isa = PBXFileReference; lastKnownFileType = sourcecode.c.objc; path = CucumberishLoader.m; sourceTree = "<group>"; };
		190FC6942850285400BE28D9 /* CucumberishInitializer.swift */ = {isa = PBXFileReference; lastKnownFileType = sourcecode.swift; path = CucumberishInitializer.swift; sourceTree = "<group>"; };
		2480D9BD504B93973CD321A0 /* Pods-Media-AccessTests.release.xcconfig */ = {isa = PBXFileReference; includeInIndex = 1; lastKnownFileType = text.xcconfig; name = "Pods-Media-AccessTests.release.xcconfig"; path = "Target Support Files/Pods-Media-AccessTests/Pods-Media-AccessTests.release.xcconfig"; sourceTree = "<group>"; };
		6B17235F0555FAD5020C7DFC /* Pods-Media-Access.release.xcconfig */ = {isa = PBXFileReference; includeInIndex = 1; lastKnownFileType = text.xcconfig; name = "Pods-Media-Access.release.xcconfig"; path = "Target Support Files/Pods-Media-Access/Pods-Media-Access.release.xcconfig"; sourceTree = "<group>"; };
		9F36D501FEF2E3E9C1F75BB6 /* Pods_Media_Access.framework */ = {isa = PBXFileReference; explicitFileType = wrapper.framework; includeInIndex = 0; path = Pods_Media_Access.framework; sourceTree = BUILT_PRODUCTS_DIR; };
		EF75B29C88AA0D41637C1280 /* Pods_Media_AccessTests.framework */ = {isa = PBXFileReference; explicitFileType = wrapper.framework; includeInIndex = 0; path = Pods_Media_AccessTests.framework; sourceTree = BUILT_PRODUCTS_DIR; };
		FEEACBC2714C2719F9F7E186 /* Pods-Media-Access.debug.xcconfig */ = {isa = PBXFileReference; includeInIndex = 1; lastKnownFileType = text.xcconfig; name = "Pods-Media-Access.debug.xcconfig"; path = "Target Support Files/Pods-Media-Access/Pods-Media-Access.debug.xcconfig"; sourceTree = "<group>"; };
/* End PBXFileReference section */

/* Begin PBXFrameworksBuildPhase section */
		0B443B7227CB61B3005A5329 /* Frameworks */ = {
			isa = PBXFrameworksBuildPhase;
			buildActionMask = 2147483647;
			files = (
				66F5586044F2D4BF00BBC506 /* Pods_Media_Access.framework in Frameworks */,
			);
			runOnlyForDeploymentPostprocessing = 0;
		};
		190FC6832850149D00BE28D9 /* Frameworks */ = {
			isa = PBXFrameworksBuildPhase;
			buildActionMask = 2147483647;
			files = (
				6C5C28791D6511BE5E547746 /* Pods_Media_AccessTests.framework in Frameworks */,
			);
			runOnlyForDeploymentPostprocessing = 0;
		};
/* End PBXFrameworksBuildPhase section */

/* Begin PBXGroup section */
		0B443B6C27CB61B3005A5329 = {
			isa = PBXGroup;
			children = (
				0B443B7727CB61B3005A5329 /* Media-Access */,
				190FC6872850149D00BE28D9 /* Media-AccessTests */,
				0B443B7627CB61B3005A5329 /* Products */,
				8F3B363FA70834CA742E9077 /* Pods */,
				4EDB77DBA9D4D02B137BC2FC /* Frameworks */,
			);
			sourceTree = "<group>";
		};
		0B443B7627CB61B3005A5329 /* Products */ = {
			isa = PBXGroup;
			children = (
				0B443B7527CB61B3005A5329 /* Media-Access.app */,
				190FC6862850149D00BE28D9 /* Media-AccessTests.xctest */,
			);
			name = Products;
			sourceTree = "<group>";
		};
		0B443B7727CB61B3005A5329 /* Media-Access */ = {
			isa = PBXGroup;
			children = (
				0B443B9427CD6B8F005A5329 /* Info.plist */,
				0B443B7827CB61B3005A5329 /* Media_AccessApp.swift */,
				0B443B8627CB6223005A5329 /* ContentView.swift */,
				0B443B8A27CB6248005A5329 /* ImagePickerView.swift */,
				0B443B9027CB625D005A5329 /* PhotoPickerModel.swift */,
				0B443B8E27CB6251005A5329 /* PhotoPicker.swift */,
				0B443B8C27CB624C005A5329 /* LivePhotoView.swift */,
				0B443B8827CB6239005A5329 /* Coordinator.swift */,
				0B443B9227CD67AF005A5329 /* CaptionedPhotosAlbum.swift */,
				0B443B7C27CB61B5005A5329 /* Assets.xcassets */,
				0B443B7E27CB61B5005A5329 /* Preview Content */,
			);
			path = "Media-Access";
			sourceTree = "<group>";
		};
		0B443B7E27CB61B5005A5329 /* Preview Content */ = {
			isa = PBXGroup;
			children = (
				0B443B7F27CB61B5005A5329 /* Preview Assets.xcassets */,
			);
			path = "Preview Content";
			sourceTree = "<group>";
		};
		190FC6872850149D00BE28D9 /* Media-AccessTests */ = {
			isa = PBXGroup;
			children = (
				190FC6922850276900BE28D9 /* CucumberishLoader.m */,
				190FC6942850285400BE28D9 /* CucumberishInitializer.swift */,
				190FC68F2850262300BE28D9 /* Features */,
				190FC6882850149D00BE28D9 /* Media_AccessTests.swift */,
				190FC6912850276900BE28D9 /* Media-AccessTests-Bridging-Header.h */,
			);
			path = "Media-AccessTests";
			sourceTree = "<group>";
		};
		4EDB77DBA9D4D02B137BC2FC /* Frameworks */ = {
			isa = PBXGroup;
			children = (
				9F36D501FEF2E3E9C1F75BB6 /* Pods_Media_Access.framework */,
				EF75B29C88AA0D41637C1280 /* Pods_Media_AccessTests.framework */,
			);
			name = Frameworks;
			sourceTree = "<group>";
		};
		8F3B363FA70834CA742E9077 /* Pods */ = {
			isa = PBXGroup;
			children = (
				FEEACBC2714C2719F9F7E186 /* Pods-Media-Access.debug.xcconfig */,
				6B17235F0555FAD5020C7DFC /* Pods-Media-Access.release.xcconfig */,
				089B9230A5F03B9C8E7E0AED /* Pods-Media-AccessTests.debug.xcconfig */,
				2480D9BD504B93973CD321A0 /* Pods-Media-AccessTests.release.xcconfig */,
			);
			path = Pods;
			sourceTree = "<group>";
		};
/* End PBXGroup section */

/* Begin PBXNativeTarget section */
		0B443B7427CB61B3005A5329 /* Media-Access */ = {
			isa = PBXNativeTarget;
			buildConfigurationList = 0B443B8327CB61B5005A5329 /* Build configuration list for PBXNativeTarget "Media-Access" */;
			buildPhases = (
				5FA8EEB1B53CF8652B2275A3 /* [CP] Check Pods Manifest.lock */,
				0B443B7127CB61B3005A5329 /* Sources */,
				0B443B7227CB61B3005A5329 /* Frameworks */,
				0B443B7327CB61B3005A5329 /* Resources */,
			);
			buildRules = (
			);
			dependencies = (
			);
			name = "Media-Access";
			productName = "Media-Access";
			productReference = 0B443B7527CB61B3005A5329 /* Media-Access.app */;
			productType = "com.apple.product-type.application";
		};
		190FC6852850149D00BE28D9 /* Media-AccessTests */ = {
			isa = PBXNativeTarget;
			buildConfigurationList = 190FC68E2850149D00BE28D9 /* Build configuration list for PBXNativeTarget "Media-AccessTests" */;
			buildPhases = (
				5B8CBF4833C0D57FF40C703A /* [CP] Check Pods Manifest.lock */,
				190FC6822850149D00BE28D9 /* Sources */,
				190FC6832850149D00BE28D9 /* Frameworks */,
				190FC6842850149D00BE28D9 /* Resources */,
				9299C620292E8C9B6CB6CE24 /* [CP] Embed Pods Frameworks */,
			);
			buildRules = (
			);
			dependencies = (
				190FC68B2850149D00BE28D9 /* PBXTargetDependency */,
			);
			name = "Media-AccessTests";
			productName = "Media-AccessTests";
			productReference = 190FC6862850149D00BE28D9 /* Media-AccessTests.xctest */;
			productType = "com.apple.product-type.bundle.unit-test";
		};
/* End PBXNativeTarget section */

/* Begin PBXProject section */
		0B443B6D27CB61B3005A5329 /* Project object */ = {
			isa = PBXProject;
			attributes = {
				BuildIndependentTargetsInParallel = 1;
				LastSwiftUpdateCheck = 1340;
				LastUpgradeCheck = 1320;
				TargetAttributes = {
					0B443B7427CB61B3005A5329 = {
						CreatedOnToolsVersion = 13.2.1;
					};
					190FC6852850149D00BE28D9 = {
						CreatedOnToolsVersion = 13.4.1;
						LastSwiftMigration = 1340;
						TestTargetID = 0B443B7427CB61B3005A5329;
					};
				};
			};
			buildConfigurationList = 0B443B7027CB61B3005A5329 /* Build configuration list for PBXProject "Media-Access" */;
			compatibilityVersion = "Xcode 13.0";
			developmentRegion = en;
			hasScannedForEncodings = 0;
			knownRegions = (
				en,
				Base,
			);
			mainGroup = 0B443B6C27CB61B3005A5329;
			productRefGroup = 0B443B7627CB61B3005A5329 /* Products */;
			projectDirPath = "";
			projectRoot = "";
			targets = (
				0B443B7427CB61B3005A5329 /* Media-Access */,
				190FC6852850149D00BE28D9 /* Media-AccessTests */,
			);
		};
/* End PBXProject section */

/* Begin PBXResourcesBuildPhase section */
		0B443B7327CB61B3005A5329 /* Resources */ = {
			isa = PBXResourcesBuildPhase;
			buildActionMask = 2147483647;
			files = (
				0B443B8027CB61B5005A5329 /* Preview Assets.xcassets in Resources */,
				0B443B7D27CB61B5005A5329 /* Assets.xcassets in Resources */,
			);
			runOnlyForDeploymentPostprocessing = 0;
		};
		190FC6842850149D00BE28D9 /* Resources */ = {
			isa = PBXResourcesBuildPhase;
			buildActionMask = 2147483647;
			files = (
				190FC6902850262300BE28D9 /* Features in Resources */,
			);
			runOnlyForDeploymentPostprocessing = 0;
		};
/* End PBXResourcesBuildPhase section */

/* Begin PBXShellScriptBuildPhase section */
		5B8CBF4833C0D57FF40C703A /* [CP] Check Pods Manifest.lock */ = {
			isa = PBXShellScriptBuildPhase;
			buildActionMask = 2147483647;
			files = (
			);
			inputFileListPaths = (
			);
			inputPaths = (
				"${PODS_PODFILE_DIR_PATH}/Podfile.lock",
				"${PODS_ROOT}/Manifest.lock",
			);
			name = "[CP] Check Pods Manifest.lock";
			outputFileListPaths = (
			);
			outputPaths = (
				"$(DERIVED_FILE_DIR)/Pods-Media-AccessTests-checkManifestLockResult.txt",
			);
			runOnlyForDeploymentPostprocessing = 0;
			shellPath = /bin/sh;
			shellScript = "diff \"${PODS_PODFILE_DIR_PATH}/Podfile.lock\" \"${PODS_ROOT}/Manifest.lock\" > /dev/null\nif [ $? != 0 ] ; then\n    # print error to STDERR\n    echo \"error: The sandbox is not in sync with the Podfile.lock. Run 'pod install' or update your CocoaPods installation.\" >&2\n    exit 1\nfi\n# This output is used by Xcode 'outputs' to avoid re-running this script phase.\necho \"SUCCESS\" > \"${SCRIPT_OUTPUT_FILE_0}\"\n";
			showEnvVarsInLog = 0;
		};
		5FA8EEB1B53CF8652B2275A3 /* [CP] Check Pods Manifest.lock */ = {
			isa = PBXShellScriptBuildPhase;
			buildActionMask = 2147483647;
			files = (
			);
			inputFileListPaths = (
			);
			inputPaths = (
				"${PODS_PODFILE_DIR_PATH}/Podfile.lock",
				"${PODS_ROOT}/Manifest.lock",
			);
			name = "[CP] Check Pods Manifest.lock";
			outputFileListPaths = (
			);
			outputPaths = (
				"$(DERIVED_FILE_DIR)/Pods-Media-Access-checkManifestLockResult.txt",
			);
			runOnlyForDeploymentPostprocessing = 0;
			shellPath = /bin/sh;
			shellScript = "diff \"${PODS_PODFILE_DIR_PATH}/Podfile.lock\" \"${PODS_ROOT}/Manifest.lock\" > /dev/null\nif [ $? != 0 ] ; then\n    # print error to STDERR\n    echo \"error: The sandbox is not in sync with the Podfile.lock. Run 'pod install' or update your CocoaPods installation.\" >&2\n    exit 1\nfi\n# This output is used by Xcode 'outputs' to avoid re-running this script phase.\necho \"SUCCESS\" > \"${SCRIPT_OUTPUT_FILE_0}\"\n";
			showEnvVarsInLog = 0;
		};
		9299C620292E8C9B6CB6CE24 /* [CP] Embed Pods Frameworks */ = {
			isa = PBXShellScriptBuildPhase;
			buildActionMask = 2147483647;
			files = (
			);
			inputFileListPaths = (
				"${PODS_ROOT}/Target Support Files/Pods-Media-AccessTests/Pods-Media-AccessTests-frameworks-${CONFIGURATION}-input-files.xcfilelist",
			);
			name = "[CP] Embed Pods Frameworks";
			outputFileListPaths = (
				"${PODS_ROOT}/Target Support Files/Pods-Media-AccessTests/Pods-Media-AccessTests-frameworks-${CONFIGURATION}-output-files.xcfilelist",
			);
			runOnlyForDeploymentPostprocessing = 0;
			shellPath = /bin/sh;
			shellScript = "\"${PODS_ROOT}/Target Support Files/Pods-Media-AccessTests/Pods-Media-AccessTests-frameworks.sh\"\n";
			showEnvVarsInLog = 0;
		};
/* End PBXShellScriptBuildPhase section */

/* Begin PBXSourcesBuildPhase section */
		0B443B7127CB61B3005A5329 /* Sources */ = {
			isa = PBXSourcesBuildPhase;
			buildActionMask = 2147483647;
			files = (
				0B443B8B27CB6248005A5329 /* ImagePickerView.swift in Sources */,
				0B443B8727CB6223005A5329 /* ContentView.swift in Sources */,
				0B443B9327CD67B0005A5329 /* CaptionedPhotosAlbum.swift in Sources */,
				0B443B8F27CB6251005A5329 /* PhotoPicker.swift in Sources */,
				0B443B9127CB625D005A5329 /* PhotoPickerModel.swift in Sources */,
				0B443B7927CB61B3005A5329 /* Media_AccessApp.swift in Sources */,
				0B443B8927CB6239005A5329 /* Coordinator.swift in Sources */,
				0B443B8D27CB624D005A5329 /* LivePhotoView.swift in Sources */,
			);
			runOnlyForDeploymentPostprocessing = 0;
		};
		190FC6822850149D00BE28D9 /* Sources */ = {
			isa = PBXSourcesBuildPhase;
			buildActionMask = 2147483647;
			files = (
				190FC6892850149D00BE28D9 /* Media_AccessTests.swift in Sources */,
				190FC6972850381800BE28D9 /* CucumberishInitializer.swift in Sources */,
				190FC6932850276900BE28D9 /* CucumberishLoader.m in Sources */,
			);
			runOnlyForDeploymentPostprocessing = 0;
		};
/* End PBXSourcesBuildPhase section */

/* Begin PBXTargetDependency section */
		190FC68B2850149D00BE28D9 /* PBXTargetDependency */ = {
			isa = PBXTargetDependency;
			target = 0B443B7427CB61B3005A5329 /* Media-Access */;
			targetProxy = 190FC68A2850149D00BE28D9 /* PBXContainerItemProxy */;
		};
/* End PBXTargetDependency section */

/* Begin XCBuildConfiguration section */
		0B443B8127CB61B5005A5329 /* Debug */ = {
			isa = XCBuildConfiguration;
			buildSettings = {
				ALWAYS_SEARCH_USER_PATHS = NO;
				CLANG_ANALYZER_NONNULL = YES;
				CLANG_ANALYZER_NUMBER_OBJECT_CONVERSION = YES_AGGRESSIVE;
				CLANG_CXX_LANGUAGE_STANDARD = "gnu++17";
				CLANG_CXX_LIBRARY = "libc++";
				CLANG_ENABLE_MODULES = YES;
				CLANG_ENABLE_OBJC_ARC = YES;
				CLANG_ENABLE_OBJC_WEAK = YES;
				CLANG_WARN_BLOCK_CAPTURE_AUTORELEASING = YES;
				CLANG_WARN_BOOL_CONVERSION = YES;
				CLANG_WARN_COMMA = YES;
				CLANG_WARN_CONSTANT_CONVERSION = YES;
				CLANG_WARN_DEPRECATED_OBJC_IMPLEMENTATIONS = YES;
				CLANG_WARN_DIRECT_OBJC_ISA_USAGE = YES_ERROR;
				CLANG_WARN_DOCUMENTATION_COMMENTS = YES;
				CLANG_WARN_EMPTY_BODY = YES;
				CLANG_WARN_ENUM_CONVERSION = YES;
				CLANG_WARN_INFINITE_RECURSION = YES;
				CLANG_WARN_INT_CONVERSION = YES;
				CLANG_WARN_NON_LITERAL_NULL_CONVERSION = YES;
				CLANG_WARN_OBJC_IMPLICIT_RETAIN_SELF = YES;
				CLANG_WARN_OBJC_LITERAL_CONVERSION = YES;
				CLANG_WARN_OBJC_ROOT_CLASS = YES_ERROR;
				CLANG_WARN_QUOTED_INCLUDE_IN_FRAMEWORK_HEADER = YES;
				CLANG_WARN_RANGE_LOOP_ANALYSIS = YES;
				CLANG_WARN_STRICT_PROTOTYPES = YES;
				CLANG_WARN_SUSPICIOUS_MOVE = YES;
				CLANG_WARN_UNGUARDED_AVAILABILITY = YES_AGGRESSIVE;
				CLANG_WARN_UNREACHABLE_CODE = YES;
				CLANG_WARN__DUPLICATE_METHOD_MATCH = YES;
				COPY_PHASE_STRIP = NO;
				DEBUG_INFORMATION_FORMAT = dwarf;
				ENABLE_STRICT_OBJC_MSGSEND = YES;
				ENABLE_TESTABILITY = YES;
				GCC_C_LANGUAGE_STANDARD = gnu11;
				GCC_DYNAMIC_NO_PIC = NO;
				GCC_NO_COMMON_BLOCKS = YES;
				GCC_OPTIMIZATION_LEVEL = 0;
				GCC_PREPROCESSOR_DEFINITIONS = (
					"DEBUG=1",
					"$(inherited)",
				);
				GCC_WARN_64_TO_32_BIT_CONVERSION = YES;
				GCC_WARN_ABOUT_RETURN_TYPE = YES_ERROR;
				GCC_WARN_UNDECLARED_SELECTOR = YES;
				GCC_WARN_UNINITIALIZED_AUTOS = YES_AGGRESSIVE;
				GCC_WARN_UNUSED_FUNCTION = YES;
				GCC_WARN_UNUSED_VARIABLE = YES;
				IPHONEOS_DEPLOYMENT_TARGET = 15.2;
				MTL_ENABLE_DEBUG_INFO = INCLUDE_SOURCE;
				MTL_FAST_MATH = YES;
				ONLY_ACTIVE_ARCH = YES;
				SDKROOT = iphoneos;
				SWIFT_ACTIVE_COMPILATION_CONDITIONS = DEBUG;
				SWIFT_OPTIMIZATION_LEVEL = "-Onone";
			};
			name = Debug;
		};
		0B443B8227CB61B5005A5329 /* Release */ = {
			isa = XCBuildConfiguration;
			buildSettings = {
				ALWAYS_SEARCH_USER_PATHS = NO;
				CLANG_ANALYZER_NONNULL = YES;
				CLANG_ANALYZER_NUMBER_OBJECT_CONVERSION = YES_AGGRESSIVE;
				CLANG_CXX_LANGUAGE_STANDARD = "gnu++17";
				CLANG_CXX_LIBRARY = "libc++";
				CLANG_ENABLE_MODULES = YES;
				CLANG_ENABLE_OBJC_ARC = YES;
				CLANG_ENABLE_OBJC_WEAK = YES;
				CLANG_WARN_BLOCK_CAPTURE_AUTORELEASING = YES;
				CLANG_WARN_BOOL_CONVERSION = YES;
				CLANG_WARN_COMMA = YES;
				CLANG_WARN_CONSTANT_CONVERSION = YES;
				CLANG_WARN_DEPRECATED_OBJC_IMPLEMENTATIONS = YES;
				CLANG_WARN_DIRECT_OBJC_ISA_USAGE = YES_ERROR;
				CLANG_WARN_DOCUMENTATION_COMMENTS = YES;
				CLANG_WARN_EMPTY_BODY = YES;
				CLANG_WARN_ENUM_CONVERSION = YES;
				CLANG_WARN_INFINITE_RECURSION = YES;
				CLANG_WARN_INT_CONVERSION = YES;
				CLANG_WARN_NON_LITERAL_NULL_CONVERSION = YES;
				CLANG_WARN_OBJC_IMPLICIT_RETAIN_SELF = YES;
				CLANG_WARN_OBJC_LITERAL_CONVERSION = YES;
				CLANG_WARN_OBJC_ROOT_CLASS = YES_ERROR;
				CLANG_WARN_QUOTED_INCLUDE_IN_FRAMEWORK_HEADER = YES;
				CLANG_WARN_RANGE_LOOP_ANALYSIS = YES;
				CLANG_WARN_STRICT_PROTOTYPES = YES;
				CLANG_WARN_SUSPICIOUS_MOVE = YES;
				CLANG_WARN_UNGUARDED_AVAILABILITY = YES_AGGRESSIVE;
				CLANG_WARN_UNREACHABLE_CODE = YES;
				CLANG_WARN__DUPLICATE_METHOD_MATCH = YES;
				COPY_PHASE_STRIP = NO;
				DEBUG_INFORMATION_FORMAT = "dwarf-with-dsym";
				ENABLE_NS_ASSERTIONS = NO;
				ENABLE_STRICT_OBJC_MSGSEND = YES;
				GCC_C_LANGUAGE_STANDARD = gnu11;
				GCC_NO_COMMON_BLOCKS = YES;
				GCC_WARN_64_TO_32_BIT_CONVERSION = YES;
				GCC_WARN_ABOUT_RETURN_TYPE = YES_ERROR;
				GCC_WARN_UNDECLARED_SELECTOR = YES;
				GCC_WARN_UNINITIALIZED_AUTOS = YES_AGGRESSIVE;
				GCC_WARN_UNUSED_FUNCTION = YES;
				GCC_WARN_UNUSED_VARIABLE = YES;
				IPHONEOS_DEPLOYMENT_TARGET = 15.2;
				MTL_ENABLE_DEBUG_INFO = NO;
				MTL_FAST_MATH = YES;
				SDKROOT = iphoneos;
				SWIFT_COMPILATION_MODE = wholemodule;
				SWIFT_OPTIMIZATION_LEVEL = "-O";
				VALIDATE_PRODUCT = YES;
			};
			name = Release;
		};
		0B443B8427CB61B5005A5329 /* Debug */ = {
			isa = XCBuildConfiguration;
			baseConfigurationReference = FEEACBC2714C2719F9F7E186 /* Pods-Media-Access.debug.xcconfig */;
			buildSettings = {
				ASSETCATALOG_COMPILER_APPICON_NAME = AppIcon;
				ASSETCATALOG_COMPILER_GLOBAL_ACCENT_COLOR_NAME = AccentColor;
				CODE_SIGN_STYLE = Automatic;
				CURRENT_PROJECT_VERSION = 1;
				DEVELOPMENT_ASSET_PATHS = "";
				DEVELOPMENT_TEAM = PK2WRZFSR3;
				ENABLE_PREVIEWS = YES;
				GENERATE_INFOPLIST_FILE = YES;
				INFOPLIST_FILE = "Media-Access/Info.plist";
				INFOPLIST_KEY_NSCameraUsageDescription = "Acess to the camera for taking photos";
				INFOPLIST_KEY_NSPhotoLibraryUsageDescription = "Add Photos to a new album";
				INFOPLIST_KEY_UIApplicationSceneManifest_Generation = YES;
				INFOPLIST_KEY_UIApplicationSupportsIndirectInputEvents = YES;
				INFOPLIST_KEY_UILaunchScreen_Generation = YES;
				INFOPLIST_KEY_UISupportedInterfaceOrientations_iPad = "UIInterfaceOrientationPortrait UIInterfaceOrientationPortraitUpsideDown UIInterfaceOrientationLandscapeLeft UIInterfaceOrientationLandscapeRight";
				INFOPLIST_KEY_UISupportedInterfaceOrientations_iPhone = "UIInterfaceOrientationPortrait UIInterfaceOrientationLandscapeLeft UIInterfaceOrientationLandscapeRight";
				LD_RUNPATH_SEARCH_PATHS = (
					"$(inherited)",
					"@executable_path/Frameworks",
				);
				MARKETING_VERSION = 1.0;
				PRODUCT_BUNDLE_IDENTIFIER = "edu.wwu.media-accessibility";
				PRODUCT_NAME = "$(TARGET_NAME)";
				SWIFT_EMIT_LOC_STRINGS = YES;
				SWIFT_VERSION = 5.0;
				TARGETED_DEVICE_FAMILY = "1,2";
			};
			name = Debug;
		};
		0B443B8527CB61B5005A5329 /* Release */ = {
			isa = XCBuildConfiguration;
			baseConfigurationReference = 6B17235F0555FAD5020C7DFC /* Pods-Media-Access.release.xcconfig */;
			buildSettings = {
				ASSETCATALOG_COMPILER_APPICON_NAME = AppIcon;
				ASSETCATALOG_COMPILER_GLOBAL_ACCENT_COLOR_NAME = AccentColor;
				CODE_SIGN_STYLE = Automatic;
				CURRENT_PROJECT_VERSION = 1;
				DEVELOPMENT_ASSET_PATHS = "";
				DEVELOPMENT_TEAM = PK2WRZFSR3;
				ENABLE_PREVIEWS = YES;
				GENERATE_INFOPLIST_FILE = YES;
				INFOPLIST_FILE = "Media-Access/Info.plist";
				INFOPLIST_KEY_NSCameraUsageDescription = "Acess to the camera for taking photos";
				INFOPLIST_KEY_NSPhotoLibraryUsageDescription = "Add Photos to a new album";
				INFOPLIST_KEY_UIApplicationSceneManifest_Generation = YES;
				INFOPLIST_KEY_UIApplicationSupportsIndirectInputEvents = YES;
				INFOPLIST_KEY_UILaunchScreen_Generation = YES;
				INFOPLIST_KEY_UISupportedInterfaceOrientations_iPad = "UIInterfaceOrientationPortrait UIInterfaceOrientationPortraitUpsideDown UIInterfaceOrientationLandscapeLeft UIInterfaceOrientationLandscapeRight";
				INFOPLIST_KEY_UISupportedInterfaceOrientations_iPhone = "UIInterfaceOrientationPortrait UIInterfaceOrientationLandscapeLeft UIInterfaceOrientationLandscapeRight";
				LD_RUNPATH_SEARCH_PATHS = (
					"$(inherited)",
					"@executable_path/Frameworks",
				);
				MARKETING_VERSION = 1.0;
				PRODUCT_BUNDLE_IDENTIFIER = "edu.wwu.media-accessibility";
				PRODUCT_NAME = "$(TARGET_NAME)";
				SWIFT_EMIT_LOC_STRINGS = YES;
				SWIFT_VERSION = 5.0;
				TARGETED_DEVICE_FAMILY = "1,2";
			};
			name = Release;
		};
		190FC68C2850149D00BE28D9 /* Debug */ = {
			isa = XCBuildConfiguration;
			baseConfigurationReference = 089B9230A5F03B9C8E7E0AED /* Pods-Media-AccessTests.debug.xcconfig */;
			buildSettings = {
				BUNDLE_LOADER = "$(TEST_HOST)";
				CLANG_ENABLE_MODULES = YES;
				CODE_SIGN_STYLE = Automatic;
				CURRENT_PROJECT_VERSION = 1;
				DEFINES_MODULE = YES;
				DEVELOPMENT_TEAM = Y8SK6CRS6U;
				GENERATE_INFOPLIST_FILE = YES;
				IPHONEOS_DEPLOYMENT_TARGET = 15.5;
				LD_RUNPATH_SEARCH_PATHS = (
					"$(inherited)",
					"@executable_path/Frameworks",
					"@loader_path/Frameworks",
				);
				MARKETING_VERSION = 1.0;
				PRODUCT_BUNDLE_IDENTIFIER = "western.Media-AccessTests";
				PRODUCT_NAME = "$(TARGET_NAME)";
				SWIFT_EMIT_LOC_STRINGS = NO;
				SWIFT_OBJC_BRIDGING_HEADER = "Media-AccessTests/Media-AccessTests-Bridging-Header.h";
				SWIFT_OPTIMIZATION_LEVEL = "-Onone";
				SWIFT_VERSION = 5.0;
				TARGETED_DEVICE_FAMILY = "1,2";
				TEST_HOST = "$(BUILT_PRODUCTS_DIR)/Media-Access.app/Media-Access";
			};
			name = Debug;
		};
		190FC68D2850149D00BE28D9 /* Release */ = {
			isa = XCBuildConfiguration;
			baseConfigurationReference = 2480D9BD504B93973CD321A0 /* Pods-Media-AccessTests.release.xcconfig */;
			buildSettings = {
				BUNDLE_LOADER = "$(TEST_HOST)";
				CLANG_ENABLE_MODULES = YES;
				CODE_SIGN_STYLE = Automatic;
				CURRENT_PROJECT_VERSION = 1;
				DEFINES_MODULE = YES;
				DEVELOPMENT_TEAM = Y8SK6CRS6U;
				GENERATE_INFOPLIST_FILE = YES;
				IPHONEOS_DEPLOYMENT_TARGET = 15.5;
				LD_RUNPATH_SEARCH_PATHS = (
					"$(inherited)",
					"@executable_path/Frameworks",
					"@loader_path/Frameworks",
				);
				MARKETING_VERSION = 1.0;
				PRODUCT_BUNDLE_IDENTIFIER = "western.Media-AccessTests";
				PRODUCT_NAME = "$(TARGET_NAME)";
				SWIFT_EMIT_LOC_STRINGS = NO;
				SWIFT_OBJC_BRIDGING_HEADER = "Media-AccessTests/Media-AccessTests-Bridging-Header.h";
				SWIFT_VERSION = 5.0;
				TARGETED_DEVICE_FAMILY = "1,2";
				TEST_HOST = "$(BUILT_PRODUCTS_DIR)/Media-Access.app/Media-Access";
			};
			name = Release;
		};
/* End XCBuildConfiguration section */

/* Begin XCConfigurationList section */
		0B443B7027CB61B3005A5329 /* Build configuration list for PBXProject "Media-Access" */ = {
			isa = XCConfigurationList;
			buildConfigurations = (
				0B443B8127CB61B5005A5329 /* Debug */,
				0B443B8227CB61B5005A5329 /* Release */,
			);
			defaultConfigurationIsVisible = 0;
			defaultConfigurationName = Release;
		};
		0B443B8327CB61B5005A5329 /* Build configuration list for PBXNativeTarget "Media-Access" */ = {
			isa = XCConfigurationList;
			buildConfigurations = (
				0B443B8427CB61B5005A5329 /* Debug */,
				0B443B8527CB61B5005A5329 /* Release */,
			);
			defaultConfigurationIsVisible = 0;
			defaultConfigurationName = Release;
		};
		190FC68E2850149D00BE28D9 /* Build configuration list for PBXNativeTarget "Media-AccessTests" */ = {
			isa = XCConfigurationList;
			buildConfigurations = (
				190FC68C2850149D00BE28D9 /* Debug */,
				190FC68D2850149D00BE28D9 /* Release */,
			);
			defaultConfigurationIsVisible = 0;
			defaultConfigurationName = Release;
		};
/* End XCConfigurationList section */
	};
	rootObject = 0B443B6D27CB61B3005A5329 /* Project object */;
}
